// !$*UTF8*$!
{
	archiveVersion = 1;
	classes = {
	};
	objectVersion = 56;
	objects = {

/* Begin PBXBuildFile section */
		7C151738298D237B004DDDD0 /* AppDelegate.swift in Sources */ = {isa = PBXBuildFile; fileRef = 7C151737298D237B004DDDD0 /* AppDelegate.swift */; };
		7C15173A298D237B004DDDD0 /* SceneDelegate.swift in Sources */ = {isa = PBXBuildFile; fileRef = 7C151739298D237B004DDDD0 /* SceneDelegate.swift */; };
		7C15173C298D237B004DDDD0 /* MainViewController.swift in Sources */ = {isa = PBXBuildFile; fileRef = 7C15173B298D237B004DDDD0 /* MainViewController.swift */; };
		7C151741298D237C004DDDD0 /* Assets.xcassets in Resources */ = {isa = PBXBuildFile; fileRef = 7C151740298D237C004DDDD0 /* Assets.xcassets */; };
		7C151744298D237C004DDDD0 /* LaunchScreen.storyboard in Resources */ = {isa = PBXBuildFile; fileRef = 7C151742298D237C004DDDD0 /* LaunchScreen.storyboard */; };
		7C15174C298D374D004DDDD0 /* ViewFactory.swift in Sources */ = {isa = PBXBuildFile; fileRef = 7C15174B298D374D004DDDD0 /* ViewFactory.swift */; };
		7C151753298D3E09004DDDD0 /* SFProDisplay-Bold.ttf in Resources */ = {isa = PBXBuildFile; fileRef = 7C151752298D3E09004DDDD0 /* SFProDisplay-Bold.ttf */; };
		7C151755298D3E14004DDDD0 /* SFProDisplay-Medium.ttf in Resources */ = {isa = PBXBuildFile; fileRef = 7C151754298D3E14004DDDD0 /* SFProDisplay-Medium.ttf */; };
		7C151757298D3E1D004DDDD0 /* SFProDisplay-Regular.ttf in Resources */ = {isa = PBXBuildFile; fileRef = 7C151756298D3E1D004DDDD0 /* SFProDisplay-Regular.ttf */; };
		7C15175E298D45E1004DDDD0 /* MainPresenter.swift in Sources */ = {isa = PBXBuildFile; fileRef = 7C15175D298D45E1004DDDD0 /* MainPresenter.swift */; };
/* End PBXBuildFile section */

/* Begin PBXFileReference section */
		7C151734298D237B004DDDD0 /* SurfTask.app */ = {isa = PBXFileReference; explicitFileType = wrapper.application; includeInIndex = 0; path = SurfTask.app; sourceTree = BUILT_PRODUCTS_DIR; };
		7C151737298D237B004DDDD0 /* AppDelegate.swift */ = {isa = PBXFileReference; lastKnownFileType = sourcecode.swift; path = AppDelegate.swift; sourceTree = "<group>"; };
		7C151739298D237B004DDDD0 /* SceneDelegate.swift */ = {isa = PBXFileReference; lastKnownFileType = sourcecode.swift; path = SceneDelegate.swift; sourceTree = "<group>"; };
		7C15173B298D237B004DDDD0 /* MainViewController.swift */ = {isa = PBXFileReference; lastKnownFileType = sourcecode.swift; path = MainViewController.swift; sourceTree = "<group>"; };
		7C151740298D237C004DDDD0 /* Assets.xcassets */ = {isa = PBXFileReference; lastKnownFileType = folder.assetcatalog; path = Assets.xcassets; sourceTree = "<group>"; };
		7C151743298D237C004DDDD0 /* Base */ = {isa = PBXFileReference; lastKnownFileType = file.storyboard; name = Base; path = Base.lproj/LaunchScreen.storyboard; sourceTree = "<group>"; };
		7C151745298D237C004DDDD0 /* Info.plist */ = {isa = PBXFileReference; lastKnownFileType = text.plist.xml; path = Info.plist; sourceTree = "<group>"; };
		7C15174B298D374D004DDDD0 /* ViewFactory.swift */ = {isa = PBXFileReference; lastKnownFileType = sourcecode.swift; path = ViewFactory.swift; sourceTree = "<group>"; };
		7C151752298D3E09004DDDD0 /* SFProDisplay-Bold.ttf */ = {isa = PBXFileReference; lastKnownFileType = file; path = "SFProDisplay-Bold.ttf"; sourceTree = "<group>"; };
		7C151754298D3E14004DDDD0 /* SFProDisplay-Medium.ttf */ = {isa = PBXFileReference; lastKnownFileType = file; path = "SFProDisplay-Medium.ttf"; sourceTree = "<group>"; };
		7C151756298D3E1D004DDDD0 /* SFProDisplay-Regular.ttf */ = {isa = PBXFileReference; lastKnownFileType = file; path = "SFProDisplay-Regular.ttf"; sourceTree = "<group>"; };
		7C15175D298D45E1004DDDD0 /* MainPresenter.swift */ = {isa = PBXFileReference; lastKnownFileType = sourcecode.swift; path = MainPresenter.swift; sourceTree = "<group>"; };
/* End PBXFileReference section */

/* Begin PBXFrameworksBuildPhase section */
		7C151731298D237B004DDDD0 /* Frameworks */ = {
			isa = PBXFrameworksBuildPhase;
			buildActionMask = 2147483647;
			files = (
			);
			runOnlyForDeploymentPostprocessing = 0;
		};
/* End PBXFrameworksBuildPhase section */

/* Begin PBXGroup section */
		7C15172B298D237B004DDDD0 = {
			isa = PBXGroup;
			children = (
				7C151736298D237B004DDDD0 /* SurfTask */,
				7C151735298D237B004DDDD0 /* Products */,
			);
			sourceTree = "<group>";
		};
		7C151735298D237B004DDDD0 /* Products */ = {
			isa = PBXGroup;
			children = (
				7C151734298D237B004DDDD0 /* SurfTask.app */,
			);
			name = Products;
			sourceTree = "<group>";
		};
		7C151736298D237B004DDDD0 /* SurfTask */ = {
			isa = PBXGroup;
			children = (
				7C15174D298D385F004DDDD0 /* Configuration */,
				7C15174E298D38E8004DDDD0 /* Common */,
				7C151758298D3E7B004DDDD0 /* Modules */,
				7C151750298D3914004DDDD0 /* Resourses */,
			);
			path = SurfTask;
			sourceTree = "<group>";
		};
		7C15174D298D385F004DDDD0 /* Configuration */ = {
			isa = PBXGroup;
			children = (
				7C151745298D237C004DDDD0 /* Info.plist */,
			);
			path = Configuration;
			sourceTree = "<group>";
		};
		7C15174E298D38E8004DDDD0 /* Common */ = {
			isa = PBXGroup;
			children = (
				7C15174F298D38FC004DDDD0 /* Application */,
				7C15175A298D3EAF004DDDD0 /* Assemblers */,
			);
			path = Common;
			sourceTree = "<group>";
		};
		7C15174F298D38FC004DDDD0 /* Application */ = {
			isa = PBXGroup;
			children = (
				7C151737298D237B004DDDD0 /* AppDelegate.swift */,
				7C151739298D237B004DDDD0 /* SceneDelegate.swift */,
			);
			path = Application;
			sourceTree = "<group>";
		};
		7C151750298D3914004DDDD0 /* Resourses */ = {
			isa = PBXGroup;
			children = (
				7C151751298D3933004DDDD0 /* Fonts */,
				7C151740298D237C004DDDD0 /* Assets.xcassets */,
				7C151742298D237C004DDDD0 /* LaunchScreen.storyboard */,
			);
			path = Resourses;
			sourceTree = "<group>";
		};
		7C151751298D3933004DDDD0 /* Fonts */ = {
			isa = PBXGroup;
			children = (
				7C151752298D3E09004DDDD0 /* SFProDisplay-Bold.ttf */,
				7C151754298D3E14004DDDD0 /* SFProDisplay-Medium.ttf */,
				7C151756298D3E1D004DDDD0 /* SFProDisplay-Regular.ttf */,
			);
			path = Fonts;
			sourceTree = "<group>";
		};
		7C151758298D3E7B004DDDD0 /* Modules */ = {
			isa = PBXGroup;
			children = (
				7C151759298D3E89004DDDD0 /* MainModule */,
			);
			path = Modules;
			sourceTree = "<group>";
		};
		7C151759298D3E89004DDDD0 /* MainModule */ = {
			isa = PBXGroup;
			children = (
				7C15175B298D454A004DDDD0 /* View */,
				7C15175C298D4551004DDDD0 /* Presenter */,
			);
			path = MainModule;
			sourceTree = "<group>";
		};
		7C15175A298D3EAF004DDDD0 /* Assemblers */ = {
			isa = PBXGroup;
			children = (
				7C15174B298D374D004DDDD0 /* ViewFactory.swift */,
			);
			path = Assemblers;
			sourceTree = "<group>";
		};
		7C15175B298D454A004DDDD0 /* View */ = {
			isa = PBXGroup;
			children = (
				7C15173B298D237B004DDDD0 /* MainViewController.swift */,
			);
			path = View;
			sourceTree = "<group>";
		};
		7C15175C298D4551004DDDD0 /* Presenter */ = {
			isa = PBXGroup;
			children = (
				7C15175D298D45E1004DDDD0 /* MainPresenter.swift */,
			);
			path = Presenter;
			sourceTree = "<group>";
		};
/* End PBXGroup section */

/* Begin PBXNativeTarget section */
		7C151733298D237B004DDDD0 /* SurfTask */ = {
			isa = PBXNativeTarget;
			buildConfigurationList = 7C151748298D237C004DDDD0 /* Build configuration list for PBXNativeTarget "SurfTask" */;
			buildPhases = (
				7C151730298D237B004DDDD0 /* Sources */,
				7C151731298D237B004DDDD0 /* Frameworks */,
				7C151732298D237B004DDDD0 /* Resources */,
			);
			buildRules = (
			);
			dependencies = (
			);
			name = SurfTask;
			productName = SurfTask;
			productReference = 7C151734298D237B004DDDD0 /* SurfTask.app */;
			productType = "com.apple.product-type.application";
		};
/* End PBXNativeTarget section */

/* Begin PBXProject section */
		7C15172C298D237B004DDDD0 /* Project object */ = {
			isa = PBXProject;
			attributes = {
				BuildIndependentTargetsInParallel = 1;
				LastSwiftUpdateCheck = 1420;
				LastUpgradeCheck = 1420;
				TargetAttributes = {
					7C151733298D237B004DDDD0 = {
						CreatedOnToolsVersion = 14.2;
					};
				};
			};
			buildConfigurationList = 7C15172F298D237B004DDDD0 /* Build configuration list for PBXProject "SurfTask" */;
			compatibilityVersion = "Xcode 14.0";
			developmentRegion = en;
			hasScannedForEncodings = 0;
			knownRegions = (
				en,
				Base,
			);
			mainGroup = 7C15172B298D237B004DDDD0;
			productRefGroup = 7C151735298D237B004DDDD0 /* Products */;
			projectDirPath = "";
			projectRoot = "";
			targets = (
				7C151733298D237B004DDDD0 /* SurfTask */,
			);
		};
/* End PBXProject section */

/* Begin PBXResourcesBuildPhase section */
		7C151732298D237B004DDDD0 /* Resources */ = {
			isa = PBXResourcesBuildPhase;
			buildActionMask = 2147483647;
			files = (
				7C151753298D3E09004DDDD0 /* SFProDisplay-Bold.ttf in Resources */,
				7C151755298D3E14004DDDD0 /* SFProDisplay-Medium.ttf in Resources */,
				7C151744298D237C004DDDD0 /* LaunchScreen.storyboard in Resources */,
				7C151757298D3E1D004DDDD0 /* SFProDisplay-Regular.ttf in Resources */,
				7C151741298D237C004DDDD0 /* Assets.xcassets in Resources */,
			);
			runOnlyForDeploymentPostprocessing = 0;
		};
/* End PBXResourcesBuildPhase section */

/* Begin PBXSourcesBuildPhase section */
		7C151730298D237B004DDDD0 /* Sources */ = {
			isa = PBXSourcesBuildPhase;
			buildActionMask = 2147483647;
			files = (
				7C15175E298D45E1004DDDD0 /* MainPresenter.swift in Sources */,
				7C15173C298D237B004DDDD0 /* MainViewController.swift in Sources */,
				7C151738298D237B004DDDD0 /* AppDelegate.swift in Sources */,
				7C15173A298D237B004DDDD0 /* SceneDelegate.swift in Sources */,
				7C15174C298D374D004DDDD0 /* ViewFactory.swift in Sources */,
			);
			runOnlyForDeploymentPostprocessing = 0;
		};
/* End PBXSourcesBuildPhase section */

/* Begin PBXVariantGroup section */
		7C151742298D237C004DDDD0 /* LaunchScreen.storyboard */ = {
			isa = PBXVariantGroup;
			children = (
				7C151743298D237C004DDDD0 /* Base */,
			);
			name = LaunchScreen.storyboard;
			sourceTree = "<group>";
		};
/* End PBXVariantGroup section */

/* Begin XCBuildConfiguration section */
		7C151746298D237C004DDDD0 /* Debug */ = {
			isa = XCBuildConfiguration;
			buildSettings = {
				ALWAYS_SEARCH_USER_PATHS = NO;
				CLANG_ANALYZER_NONNULL = YES;
				CLANG_ANALYZER_NUMBER_OBJECT_CONVERSION = YES_AGGRESSIVE;
				CLANG_CXX_LANGUAGE_STANDARD = "gnu++20";
				CLANG_ENABLE_MODULES = YES;
				CLANG_ENABLE_OBJC_ARC = YES;
				CLANG_ENABLE_OBJC_WEAK = YES;
				CLANG_WARN_BLOCK_CAPTURE_AUTORELEASING = YES;
				CLANG_WARN_BOOL_CONVERSION = YES;
				CLANG_WARN_COMMA = YES;
				CLANG_WARN_CONSTANT_CONVERSION = YES;
				CLANG_WARN_DEPRECATED_OBJC_IMPLEMENTATIONS = YES;
				CLANG_WARN_DIRECT_OBJC_ISA_USAGE = YES_ERROR;
				CLANG_WARN_DOCUMENTATION_COMMENTS = YES;
				CLANG_WARN_EMPTY_BODY = YES;
				CLANG_WARN_ENUM_CONVERSION = YES;
				CLANG_WARN_INFINITE_RECURSION = YES;
				CLANG_WARN_INT_CONVERSION = YES;
				CLANG_WARN_NON_LITERAL_NULL_CONVERSION = YES;
				CLANG_WARN_OBJC_IMPLICIT_RETAIN_SELF = YES;
				CLANG_WARN_OBJC_LITERAL_CONVERSION = YES;
				CLANG_WARN_OBJC_ROOT_CLASS = YES_ERROR;
				CLANG_WARN_QUOTED_INCLUDE_IN_FRAMEWORK_HEADER = YES;
				CLANG_WARN_RANGE_LOOP_ANALYSIS = YES;
				CLANG_WARN_STRICT_PROTOTYPES = YES;
				CLANG_WARN_SUSPICIOUS_MOVE = YES;
				CLANG_WARN_UNGUARDED_AVAILABILITY = YES_AGGRESSIVE;
				CLANG_WARN_UNREACHABLE_CODE = YES;
				CLANG_WARN__DUPLICATE_METHOD_MATCH = YES;
				COPY_PHASE_STRIP = NO;
				DEBUG_INFORMATION_FORMAT = dwarf;
				ENABLE_STRICT_OBJC_MSGSEND = YES;
				ENABLE_TESTABILITY = YES;
				GCC_C_LANGUAGE_STANDARD = gnu11;
				GCC_DYNAMIC_NO_PIC = NO;
				GCC_NO_COMMON_BLOCKS = YES;
				GCC_OPTIMIZATION_LEVEL = 0;
				GCC_PREPROCESSOR_DEFINITIONS = (
					"DEBUG=1",
					"$(inherited)",
				);
				GCC_WARN_64_TO_32_BIT_CONVERSION = YES;
				GCC_WARN_ABOUT_RETURN_TYPE = YES_ERROR;
				GCC_WARN_UNDECLARED_SELECTOR = YES;
				GCC_WARN_UNINITIALIZED_AUTOS = YES_AGGRESSIVE;
				GCC_WARN_UNUSED_FUNCTION = YES;
				GCC_WARN_UNUSED_VARIABLE = YES;
				IPHONEOS_DEPLOYMENT_TARGET = 16.2;
				MTL_ENABLE_DEBUG_INFO = INCLUDE_SOURCE;
				MTL_FAST_MATH = YES;
				ONLY_ACTIVE_ARCH = YES;
				SDKROOT = iphoneos;
				SWIFT_ACTIVE_COMPILATION_CONDITIONS = DEBUG;
				SWIFT_OPTIMIZATION_LEVEL = "-Onone";
			};
			name = Debug;
		};
		7C151747298D237C004DDDD0 /* Release */ = {
			isa = XCBuildConfiguration;
			buildSettings = {
				ALWAYS_SEARCH_USER_PATHS = NO;
				CLANG_ANALYZER_NONNULL = YES;
				CLANG_ANALYZER_NUMBER_OBJECT_CONVERSION = YES_AGGRESSIVE;
				CLANG_CXX_LANGUAGE_STANDARD = "gnu++20";
				CLANG_ENABLE_MODULES = YES;
				CLANG_ENABLE_OBJC_ARC = YES;
				CLANG_ENABLE_OBJC_WEAK = YES;
				CLANG_WARN_BLOCK_CAPTURE_AUTORELEASING = YES;
				CLANG_WARN_BOOL_CONVERSION = YES;
				CLANG_WARN_COMMA = YES;
				CLANG_WARN_CONSTANT_CONVERSION = YES;
				CLANG_WARN_DEPRECATED_OBJC_IMPLEMENTATIONS = YES;
				CLANG_WARN_DIRECT_OBJC_ISA_USAGE = YES_ERROR;
				CLANG_WARN_DOCUMENTATION_COMMENTS = YES;
				CLANG_WARN_EMPTY_BODY = YES;
				CLANG_WARN_ENUM_CONVERSION = YES;
				CLANG_WARN_INFINITE_RECURSION = YES;
				CLANG_WARN_INT_CONVERSION = YES;
				CLANG_WARN_NON_LITERAL_NULL_CONVERSION = YES;
				CLANG_WARN_OBJC_IMPLICIT_RETAIN_SELF = YES;
				CLANG_WARN_OBJC_LITERAL_CONVERSION = YES;
				CLANG_WARN_OBJC_ROOT_CLASS = YES_ERROR;
				CLANG_WARN_QUOTED_INCLUDE_IN_FRAMEWORK_HEADER = YES;
				CLANG_WARN_RANGE_LOOP_ANALYSIS = YES;
				CLANG_WARN_STRICT_PROTOTYPES = YES;
				CLANG_WARN_SUSPICIOUS_MOVE = YES;
				CLANG_WARN_UNGUARDED_AVAILABILITY = YES_AGGRESSIVE;
				CLANG_WARN_UNREACHABLE_CODE = YES;
				CLANG_WARN__DUPLICATE_METHOD_MATCH = YES;
				COPY_PHASE_STRIP = NO;
				DEBUG_INFORMATION_FORMAT = "dwarf-with-dsym";
				ENABLE_NS_ASSERTIONS = NO;
				ENABLE_STRICT_OBJC_MSGSEND = YES;
				GCC_C_LANGUAGE_STANDARD = gnu11;
				GCC_NO_COMMON_BLOCKS = YES;
				GCC_WARN_64_TO_32_BIT_CONVERSION = YES;
				GCC_WARN_ABOUT_RETURN_TYPE = YES_ERROR;
				GCC_WARN_UNDECLARED_SELECTOR = YES;
				GCC_WARN_UNINITIALIZED_AUTOS = YES_AGGRESSIVE;
				GCC_WARN_UNUSED_FUNCTION = YES;
				GCC_WARN_UNUSED_VARIABLE = YES;
				IPHONEOS_DEPLOYMENT_TARGET = 16.2;
				MTL_ENABLE_DEBUG_INFO = NO;
				MTL_FAST_MATH = YES;
				SDKROOT = iphoneos;
				SWIFT_COMPILATION_MODE = wholemodule;
				SWIFT_OPTIMIZATION_LEVEL = "-O";
				VALIDATE_PRODUCT = YES;
			};
			name = Release;
		};
		7C151749298D237C004DDDD0 /* Debug */ = {
			isa = XCBuildConfiguration;
			buildSettings = {
				ASSETCATALOG_COMPILER_APPICON_NAME = AppIcon;
				ASSETCATALOG_COMPILER_GLOBAL_ACCENT_COLOR_NAME = AccentColor;
				CODE_SIGN_STYLE = Automatic;
				CURRENT_PROJECT_VERSION = 1;
				DEVELOPMENT_TEAM = MYR4RY57UC;
				GENERATE_INFOPLIST_FILE = YES;
				INFOPLIST_FILE = SurfTask/Configuration/Info.plist;
				INFOPLIST_KEY_UIApplicationSupportsIndirectInputEvents = YES;
				INFOPLIST_KEY_UILaunchStoryboardName = LaunchScreen;
				INFOPLIST_KEY_UIMainStoryboardFile = "";
				INFOPLIST_KEY_UISupportedInterfaceOrientations_iPad = "UIInterfaceOrientationPortrait UIInterfaceOrientationPortraitUpsideDown UIInterfaceOrientationLandscapeLeft UIInterfaceOrientationLandscapeRight";
				INFOPLIST_KEY_UISupportedInterfaceOrientations_iPhone = "UIInterfaceOrientationPortrait UIInterfaceOrientationLandscapeLeft UIInterfaceOrientationLandscapeRight";
				LD_RUNPATH_SEARCH_PATHS = (
					"$(inherited)",
					"@executable_path/Frameworks",
				);
				MARKETING_VERSION = 1.0;
				PRODUCT_BUNDLE_IDENTIFIER = com.zhoraagadzhanyan.SurfTask;
				PRODUCT_NAME = "$(TARGET_NAME)";
				SWIFT_EMIT_LOC_STRINGS = YES;
				SWIFT_VERSION = 5.0;
				TARGETED_DEVICE_FAMILY = "1,2";
			};
			name = Debug;
		};
		7C15174A298D237C004DDDD0 /* Release */ = {
			isa = XCBuildConfiguration;
			buildSettings = {
				ASSETCATALOG_COMPILER_APPICON_NAME = AppIcon;
				ASSETCATALOG_COMPILER_GLOBAL_ACCENT_COLOR_NAME = AccentColor;
				CODE_SIGN_STYLE = Automatic;
				CURRENT_PROJECT_VERSION = 1;
				DEVELOPMENT_TEAM = MYR4RY57UC;
				GENERATE_INFOPLIST_FILE = YES;
				INFOPLIST_FILE = SurfTask/Configuration/Info.plist;
				INFOPLIST_KEY_UIApplicationSupportsIndirectInputEvents = YES;
				INFOPLIST_KEY_UILaunchStoryboardName = LaunchScreen;
				INFOPLIST_KEY_UIMainStoryboardFile = "";
				INFOPLIST_KEY_UISupportedInterfaceOrientations_iPad = "UIInterfaceOrientationPortrait UIInterfaceOrientationPortraitUpsideDown UIInterfaceOrientationLandscapeLeft UIInterfaceOrientationLandscapeRight";
				INFOPLIST_KEY_UISupportedInterfaceOrientations_iPhone = "UIInterfaceOrientationPortrait UIInterfaceOrientationLandscapeLeft UIInterfaceOrientationLandscapeRight";
				LD_RUNPATH_SEARCH_PATHS = (
					"$(inherited)",
					"@executable_path/Frameworks",
				);
				MARKETING_VERSION = 1.0;
				PRODUCT_BUNDLE_IDENTIFIER = com.zhoraagadzhanyan.SurfTask;
				PRODUCT_NAME = "$(TARGET_NAME)";
				SWIFT_EMIT_LOC_STRINGS = YES;
				SWIFT_VERSION = 5.0;
				TARGETED_DEVICE_FAMILY = "1,2";
			};
			name = Release;
		};
/* End XCBuildConfiguration section */

/* Begin XCConfigurationList section */
		7C15172F298D237B004DDDD0 /* Build configuration list for PBXProject "SurfTask" */ = {
			isa = XCConfigurationList;
			buildConfigurations = (
				7C151746298D237C004DDDD0 /* Debug */,
				7C151747298D237C004DDDD0 /* Release */,
			);
			defaultConfigurationIsVisible = 0;
			defaultConfigurationName = Release;
		};
		7C151748298D237C004DDDD0 /* Build configuration list for PBXNativeTarget "SurfTask" */ = {
			isa = XCConfigurationList;
			buildConfigurations = (
				7C151749298D237C004DDDD0 /* Debug */,
				7C15174A298D237C004DDDD0 /* Release */,
			);
			defaultConfigurationIsVisible = 0;
			defaultConfigurationName = Release;
		};
/* End XCConfigurationList section */
	};
	rootObject = 7C15172C298D237B004DDDD0 /* Project object */;
}
